
Microsoft Visual Studio Solution File, Format Version 12.00
Project("{FAE04EC0-301F-11D3-BF4B-00C04F79EFBC}") = "Kingmaker Companion", "Kingmaker Companion\Kingmaker Companion.csproj", "{54F4A06A-DD80-4CBA-8B70-FAFA192656F2}"
EndProject
Global
	GlobalSection(SolutionConfigurationPlatforms) = preSolution
		Debug|Any CPU = Debug|Any CPU
		Release|Any CPU = Release|Any CPU
	EndGlobalSection
	GlobalSection(ProjectConfigurationPlatforms) = postSolution
		{54F4A06A-DD80-4CBA-8B70-FAFA192656F2}.Debug|Any CPU.ActiveCfg = Debug|Any CPU
		{54F4A06A-DD80-4CBA-8B70-FAFA192656F2}.Debug|Any CPU.Build.0 = Debug|Any CPU
		{54F4A06A-DD80-4CBA-8B70-FAFA192656F2}.Release|Any CPU.ActiveCfg = Release|Any CPU
		{54F4A06A-DD80-4CBA-8B70-FAFA192656F2}.Release|Any CPU.Build.0 = Release|Any CPU
	EndGlobalSection
EndGlobal
